{
  "name": "arc-framework",
  "version": "1.0.0",
  "lockfileVersion": 3,
  "requires": true,
  "packages": {
    "": {
      "name": "arc-framework",
      "version": "1.0.0",
      "license": "MIT",
      "workspaces": [
        "packages/*"
      ],
      "engines": {
        "node": ">=18"
      }
    },
    "node_modules/@ksoftm/create-arc": {
      "resolved": "packages/create-arc",
      "link": true
    },
    "packages/create-arc": {
      "name": "@ksoftm/create-arc",
      "version": "1.0.0",
      "license": "MIT",
      "bin": {
        "create-arc": "bin/cli.js"
      },
      "engines": {
        "node": ">=18"
      }
    }
  }
}
